
Microsoft Visual Studio Solution File, Format Version 12.00
# Visual Studio Version 17
VisualStudioVersion = 17.9.34622.214
MinimumVisualStudioVersion = 10.0.40219.1
Project("{FAE04EC0-301F-11D3-BF4B-00C04F79EFBC}") = "GestionVC_API", "GestionVC_API\GestionVC_API.csproj", "{D94B2A49-2750-44A8-8725-F4079690A66C}"
EndProject
Global
	GlobalSection(SolutionConfigurationPlatforms) = preSolution
		Debug|Any CPU = Debug|Any CPU
		Release|Any CPU = Release|Any CPU
	EndGlobalSection
	GlobalSection(ProjectConfigurationPlatforms) = postSolution
		{D94B2A49-2750-44A8-8725-F4079690A66C}.Debug|Any CPU.ActiveCfg = Debug|Any CPU
		{D94B2A49-2750-44A8-8725-F4079690A66C}.Debug|Any CPU.Build.0 = Debug|Any CPU
		{D94B2A49-2750-44A8-8725-F4079690A66C}.Release|Any CPU.ActiveCfg = Release|Any CPU
		{D94B2A49-2750-44A8-8725-F4079690A66C}.Release|Any CPU.Build.0 = Release|Any CPU
	EndGlobalSection
	GlobalSection(SolutionProperties) = preSolution
		HideSolutionNode = FALSE
	EndGlobalSection
	GlobalSection(ExtensibilityGlobals) = postSolution
		SolutionGuid = {FA18A0D0-7D47-4631-A064-98D79A024632}
	EndGlobalSection
EndGlobal
